// !$*UTF8*$!
{
	archiveVersion = 1;
	classes = {
	};
	objectVersion = 46;
	objects = {

/* Begin PBXBuildFile section */
		3435EFBB18AE92380032AACC /* CBPBarCodeViewController.m in Sources */ = {isa = PBXBuildFile; fileRef = 3435EFBA18AE92380032AACC /* CBPBarCodeViewController.m */; };
		3435EFBF18AE93FD0032AACC /* AVFoundation.framework in Frameworks */ = {isa = PBXBuildFile; fileRef = 3435EFBE18AE93FD0032AACC /* AVFoundation.framework */; };
		34A8384B18A448E00038711E /* Foundation.framework in Frameworks */ = {isa = PBXBuildFile; fileRef = 34A8384A18A448E00038711E /* Foundation.framework */; };
		34A8384D18A448E00038711E /* CoreGraphics.framework in Frameworks */ = {isa = PBXBuildFile; fileRef = 34A8384C18A448E00038711E /* CoreGraphics.framework */; };
		34A8384F18A448E00038711E /* UIKit.framework in Frameworks */ = {isa = PBXBuildFile; fileRef = 34A8384E18A448E00038711E /* UIKit.framework */; };
		34A8385518A448E00038711E /* InfoPlist.strings in Resources */ = {isa = PBXBuildFile; fileRef = 34A8385318A448E00038711E /* InfoPlist.strings */; };
		34A8385718A448E00038711E /* main.m in Sources */ = {isa = PBXBuildFile; fileRef = 34A8385618A448E00038711E /* main.m */; };
		34A8386318A448E00038711E /* Images.xcassets in Resources */ = {isa = PBXBuildFile; fileRef = 34A8386218A448E00038711E /* Images.xcassets */; };
		34A8386A18A448E00038711E /* XCTest.framework in Frameworks */ = {isa = PBXBuildFile; fileRef = 34A8386918A448E00038711E /* XCTest.framework */; };
		34A8386B18A448E00038711E /* Foundation.framework in Frameworks */ = {isa = PBXBuildFile; fileRef = 34A8384A18A448E00038711E /* Foundation.framework */; };
		34A8386C18A448E00038711E /* UIKit.framework in Frameworks */ = {isa = PBXBuildFile; fileRef = 34A8384E18A448E00038711E /* UIKit.framework */; };
		34A8387418A448E00038711E /* InfoPlist.strings in Resources */ = {isa = PBXBuildFile; fileRef = 34A8387218A448E00038711E /* InfoPlist.strings */; };
		34A8387618A448E00038711E /* Marvel_APITests.m in Sources */ = {isa = PBXBuildFile; fileRef = 34A8387518A448E00038711E /* Marvel_APITests.m */; };
		34A8389818A458070038711E /* AFHTTPRequestOperation.m in Sources */ = {isa = PBXBuildFile; fileRef = 34A8388618A458070038711E /* AFHTTPRequestOperation.m */; };
		34A8389918A458070038711E /* AFHTTPRequestOperationManager.m in Sources */ = {isa = PBXBuildFile; fileRef = 34A8388818A458070038711E /* AFHTTPRequestOperationManager.m */; };
		34A8389A18A458070038711E /* AFHTTPSessionManager.m in Sources */ = {isa = PBXBuildFile; fileRef = 34A8388A18A458070038711E /* AFHTTPSessionManager.m */; };
		34A8389B18A458070038711E /* AFNetworkReachabilityManager.m in Sources */ = {isa = PBXBuildFile; fileRef = 34A8388D18A458070038711E /* AFNetworkReachabilityManager.m */; };
		34A8389C18A458070038711E /* AFSecurityPolicy.m in Sources */ = {isa = PBXBuildFile; fileRef = 34A8388F18A458070038711E /* AFSecurityPolicy.m */; };
		34A8389D18A458070038711E /* AFURLConnectionOperation.m in Sources */ = {isa = PBXBuildFile; fileRef = 34A8389118A458070038711E /* AFURLConnectionOperation.m */; };
		34A8389E18A458070038711E /* AFURLRequestSerialization.m in Sources */ = {isa = PBXBuildFile; fileRef = 34A8389318A458070038711E /* AFURLRequestSerialization.m */; };
		34A8389F18A458070038711E /* AFURLResponseSerialization.m in Sources */ = {isa = PBXBuildFile; fileRef = 34A8389518A458070038711E /* AFURLResponseSerialization.m */; };
		34A838A018A458070038711E /* AFURLSessionManager.m in Sources */ = {isa = PBXBuildFile; fileRef = 34A8389718A458070038711E /* AFURLSessionManager.m */; };
		34A838A418A458780038711E /* MDAMarvelAPIClient.m in Sources */ = {isa = PBXBuildFile; fileRef = 34A838A318A458780038711E /* MDAMarvelAPIClient.m */; };
		34A838AE18A459CB0038711E /* CBPAppDelegate.m in Sources */ = {isa = PBXBuildFile; fileRef = 34A838A818A459CB0038711E /* CBPAppDelegate.m */; };
		34A838AF18A459CB0038711E /* CBPComicListViewController.m in Sources */ = {isa = PBXBuildFile; fileRef = 34A838AB18A459CB0038711E /* CBPComicListViewController.m */; };
		34F6090018A981C10074F871 /* MDACreatorSummary.m in Sources */ = {isa = PBXBuildFile; fileRef = 34F608FF18A981C10074F871 /* MDACreatorSummary.m */; };
		34F6090318A9822E0074F871 /* MDASummary.m in Sources */ = {isa = PBXBuildFile; fileRef = 34F6090218A9822E0074F871 /* MDASummary.m */; };
		34F6090618A987050074F871 /* CBPCreatorViewController.m in Sources */ = {isa = PBXBuildFile; fileRef = 34F6090518A987050074F871 /* CBPCreatorViewController.m */; };
		34F6090918A98FAE0074F871 /* CBPSeriesViewController.m in Sources */ = {isa = PBXBuildFile; fileRef = 34F6090818A98FAE0074F871 /* CBPSeriesViewController.m */; };
		34F777FA18A7EC1B00EC3C86 /* MDASearchParameters.m in Sources */ = {isa = PBXBuildFile; fileRef = 34F777F918A7EC1B00EC3C86 /* MDASearchParameters.m */; };
		34F777FD18A7F22B00EC3C86 /* NSURLSessionDataTask+MarvelDeveloperAPI.m in Sources */ = {isa = PBXBuildFile; fileRef = 34F777FC18A7F22B00EC3C86 /* NSURLSessionDataTask+MarvelDeveloperAPI.m */; };
		34F7780818A8049F00EC3C86 /* MDAComicList.m in Sources */ = {isa = PBXBuildFile; fileRef = 34F777FF18A8049F00EC3C86 /* MDAComicList.m */; };
		34F7780918A8049F00EC3C86 /* MDACreator.m in Sources */ = {isa = PBXBuildFile; fileRef = 34F7780118A8049F00EC3C86 /* MDACreator.m */; };
		34F7780A18A8049F00EC3C86 /* MDACreatorDataContainer.m in Sources */ = {isa = PBXBuildFile; fileRef = 34F7780318A8049F00EC3C86 /* MDACreatorDataContainer.m */; };
		34F7780B18A8049F00EC3C86 /* MDACreatorDataWrapper.m in Sources */ = {isa = PBXBuildFile; fileRef = 34F7780518A8049F00EC3C86 /* MDACreatorDataWrapper.m */; };
		34F7780C18A8049F00EC3C86 /* MDASeriesList.m in Sources */ = {isa = PBXBuildFile; fileRef = 34F7780718A8049F00EC3C86 /* MDASeriesList.m */; };
		34F7781218A80F5D00EC3C86 /* MDAComicDataWrapper.m in Sources */ = {isa = PBXBuildFile; fileRef = 34F7781118A80F5D00EC3C86 /* MDAComicDataWrapper.m */; };
		34F7782318A8159500EC3C86 /* AFNetworkActivityIndicatorManager.m in Sources */ = {isa = PBXBuildFile; fileRef = 34F7781518A8159500EC3C86 /* AFNetworkActivityIndicatorManager.m */; };
		34F7782418A8159500EC3C86 /* UIActivityIndicatorView+AFNetworking.m in Sources */ = {isa = PBXBuildFile; fileRef = 34F7781718A8159500EC3C86 /* UIActivityIndicatorView+AFNetworking.m */; };
		34F7782518A8159500EC3C86 /* UIAlertView+AFNetworking.m in Sources */ = {isa = PBXBuildFile; fileRef = 34F7781918A8159500EC3C86 /* UIAlertView+AFNetworking.m */; };
		34F7782618A8159500EC3C86 /* UIButton+AFNetworking.m in Sources */ = {isa = PBXBuildFile; fileRef = 34F7781B18A8159500EC3C86 /* UIButton+AFNetworking.m */; };
		34F7782718A8159500EC3C86 /* UIImageView+AFNetworking.m in Sources */ = {isa = PBXBuildFile; fileRef = 34F7781D18A8159500EC3C86 /* UIImageView+AFNetworking.m */; };
		34F7782818A8159500EC3C86 /* UIProgressView+AFNetworking.m in Sources */ = {isa = PBXBuildFile; fileRef = 34F7782018A8159500EC3C86 /* UIProgressView+AFNetworking.m */; };
		34F7782918A8159500EC3C86 /* UIWebView+AFNetworking.m in Sources */ = {isa = PBXBuildFile; fileRef = 34F7782218A8159500EC3C86 /* UIWebView+AFNetworking.m */; };
		34F7782C18A81FAB00EC3C86 /* CBPComicViewController.m in Sources */ = {isa = PBXBuildFile; fileRef = 34F7782B18A81FAB00EC3C86 /* CBPComicViewController.m */; };
		F5CA434718ACD253008A88BD /* CBPTableViewController.m in Sources */ = {isa = PBXBuildFile; fileRef = F5CA434618ACD253008A88BD /* CBPTableViewController.m */; };
		F5CA434A18ACD3B4008A88BD /* MDAObject.m in Sources */ = {isa = PBXBuildFile; fileRef = F5CA434918ACD3B4008A88BD /* MDAObject.m */; };
		F5CA434D18AD1A2A008A88BD /* MDAEventSummary.m in Sources */ = {isa = PBXBuildFile; fileRef = F5CA434C18AD1A2A008A88BD /* MDAEventSummary.m */; };
		F5CA435018AD1AD2008A88BD /* MDACharacterSummary.m in Sources */ = {isa = PBXBuildFile; fileRef = F5CA434F18AD1AD2008A88BD /* MDACharacterSummary.m */; };
		F5CBD73E18A5512700D21F7A /* MDACharacterList.m in Sources */ = {isa = PBXBuildFile; fileRef = F5CBD72118A5512700D21F7A /* MDACharacterList.m */; };
		F5CBD73F18A5512700D21F7A /* MDAComic.m in Sources */ = {isa = PBXBuildFile; fileRef = F5CBD72318A5512700D21F7A /* MDAComic.m */; };
		F5CBD74018A5512700D21F7A /* MDAComicDataContainer.m in Sources */ = {isa = PBXBuildFile; fileRef = F5CBD72518A5512700D21F7A /* MDAComicDataContainer.m */; };
		F5CBD74118A5512700D21F7A /* MDAComicDate.m in Sources */ = {isa = PBXBuildFile; fileRef = F5CBD72718A5512700D21F7A /* MDAComicDate.m */; };
		F5CBD74218A5512700D21F7A /* MDAComicPrice.m in Sources */ = {isa = PBXBuildFile; fileRef = F5CBD72918A5512700D21F7A /* MDAComicPrice.m */; };
		F5CBD74318A5512700D21F7A /* MDAComicSummary.m in Sources */ = {isa = PBXBuildFile; fileRef = F5CBD72B18A5512700D21F7A /* MDAComicSummary.m */; };
		F5CBD74418A5512700D21F7A /* MDACreatorList.m in Sources */ = {isa = PBXBuildFile; fileRef = F5CBD72D18A5512700D21F7A /* MDACreatorList.m */; };
		F5CBD74518A5512700D21F7A /* MDADataWrapper.m in Sources */ = {isa = PBXBuildFile; fileRef = F5CBD72F18A5512700D21F7A /* MDADataWrapper.m */; };
		F5CBD74618A5512700D21F7A /* MDAEventList.m in Sources */ = {isa = PBXBuildFile; fileRef = F5CBD73118A5512700D21F7A /* MDAEventList.m */; };
		F5CBD74718A5512700D21F7A /* MDAImage.m in Sources */ = {isa = PBXBuildFile; fileRef = F5CBD73318A5512700D21F7A /* MDAImage.m */; };
		F5CBD74818A5512700D21F7A /* MDASeriesSummary.m in Sources */ = {isa = PBXBuildFile; fileRef = F5CBD73518A5512700D21F7A /* MDASeriesSummary.m */; };
		F5CBD74918A5512700D21F7A /* MDAStoryList.m in Sources */ = {isa = PBXBuildFile; fileRef = F5CBD73718A5512700D21F7A /* MDAStoryList.m */; };
		F5CBD74A18A5512700D21F7A /* MDAStorySummary.m in Sources */ = {isa = PBXBuildFile; fileRef = F5CBD73918A5512700D21F7A /* MDAStorySummary.m */; };
		F5CBD74B18A5512700D21F7A /* MDATextObject.m in Sources */ = {isa = PBXBuildFile; fileRef = F5CBD73B18A5512700D21F7A /* MDATextObject.m */; };
		F5CBD74C18A5512700D21F7A /* MDAUrl.m in Sources */ = {isa = PBXBuildFile; fileRef = F5CBD73D18A5512700D21F7A /* MDAUrl.m */; };
		F5ED480318ABE46A0049BA3B /* MDAStory.m in Sources */ = {isa = PBXBuildFile; fileRef = F5ED47FE18ABE46A0049BA3B /* MDAStory.m */; };
		F5ED480418ABE46A0049BA3B /* MDAStoryDataContainer.m in Sources */ = {isa = PBXBuildFile; fileRef = F5ED480018ABE46A0049BA3B /* MDAStoryDataContainer.m */; };
		F5ED480518ABE46A0049BA3B /* MDAStoryDataWrapper.m in Sources */ = {isa = PBXBuildFile; fileRef = F5ED480218ABE46A0049BA3B /* MDAStoryDataWrapper.m */; };
/* End PBXBuildFile section */

/* Begin PBXContainerItemProxy section */
		34A8386D18A448E00038711E /* PBXContainerItemProxy */ = {
			isa = PBXContainerItemProxy;
			containerPortal = 34A8383F18A448E00038711E /* Project object */;
			proxyType = 1;
			remoteGlobalIDString = 34A8384618A448E00038711E;
			remoteInfo = "Marvel API";
		};
/* End PBXContainerItemProxy section */

/* Begin PBXFileReference section */
		3435EFB918AE92380032AACC /* CBPBarCodeViewController.h */ = {isa = PBXFileReference; fileEncoding = 4; lastKnownFileType = sourcecode.c.h; path = CBPBarCodeViewController.h; sourceTree = "<group>"; };
		3435EFBA18AE92380032AACC /* CBPBarCodeViewController.m */ = {isa = PBXFileReference; fileEncoding = 4; lastKnownFileType = sourcecode.c.objc; path = CBPBarCodeViewController.m; sourceTree = "<group>"; };
		3435EFBE18AE93FD0032AACC /* AVFoundation.framework */ = {isa = PBXFileReference; lastKnownFileType = wrapper.framework; name = AVFoundation.framework; path = System/Library/Frameworks/AVFoundation.framework; sourceTree = SDKROOT; };
		34A8384718A448E00038711E /* Marvel API.app */ = {isa = PBXFileReference; explicitFileType = wrapper.application; includeInIndex = 0; path = "Marvel API.app"; sourceTree = BUILT_PRODUCTS_DIR; };
		34A8384A18A448E00038711E /* Foundation.framework */ = {isa = PBXFileReference; lastKnownFileType = wrapper.framework; name = Foundation.framework; path = System/Library/Frameworks/Foundation.framework; sourceTree = SDKROOT; };
		34A8384C18A448E00038711E /* CoreGraphics.framework */ = {isa = PBXFileReference; lastKnownFileType = wrapper.framework; name = CoreGraphics.framework; path = System/Library/Frameworks/CoreGraphics.framework; sourceTree = SDKROOT; };
		34A8384E18A448E00038711E /* UIKit.framework */ = {isa = PBXFileReference; lastKnownFileType = wrapper.framework; name = UIKit.framework; path = System/Library/Frameworks/UIKit.framework; sourceTree = SDKROOT; };
		34A8385218A448E00038711E /* Marvel API-Info.plist */ = {isa = PBXFileReference; lastKnownFileType = text.plist.xml; path = "Marvel API-Info.plist"; sourceTree = "<group>"; };
		34A8385418A448E00038711E /* en */ = {isa = PBXFileReference; lastKnownFileType = text.plist.strings; name = en; path = en.lproj/InfoPlist.strings; sourceTree = "<group>"; };
		34A8385618A448E00038711E /* main.m */ = {isa = PBXFileReference; lastKnownFileType = sourcecode.c.objc; path = main.m; sourceTree = "<group>"; };
		34A8385818A448E00038711E /* Marvel API-Prefix.pch */ = {isa = PBXFileReference; lastKnownFileType = sourcecode.c.h; path = "Marvel API-Prefix.pch"; sourceTree = "<group>"; };
		34A8386218A448E00038711E /* Images.xcassets */ = {isa = PBXFileReference; lastKnownFileType = folder.assetcatalog; path = Images.xcassets; sourceTree = "<group>"; };
		34A8386818A448E00038711E /* Marvel APITests.xctest */ = {isa = PBXFileReference; explicitFileType = wrapper.cfbundle; includeInIndex = 0; path = "Marvel APITests.xctest"; sourceTree = BUILT_PRODUCTS_DIR; };
		34A8386918A448E00038711E /* XCTest.framework */ = {isa = PBXFileReference; lastKnownFileType = wrapper.framework; name = XCTest.framework; path = Library/Frameworks/XCTest.framework; sourceTree = DEVELOPER_DIR; };
		34A8387118A448E00038711E /* Marvel APITests-Info.plist */ = {isa = PBXFileReference; lastKnownFileType = text.plist.xml; path = "Marvel APITests-Info.plist"; sourceTree = "<group>"; };
		34A8387318A448E00038711E /* en */ = {isa = PBXFileReference; lastKnownFileType = text.plist.strings; name = en; path = en.lproj/InfoPlist.strings; sourceTree = "<group>"; };
		34A8387518A448E00038711E /* Marvel_APITests.m */ = {isa = PBXFileReference; lastKnownFileType = sourcecode.c.objc; path = Marvel_APITests.m; sourceTree = "<group>"; };
		34A8388518A458070038711E /* AFHTTPRequestOperation.h */ = {isa = PBXFileReference; fileEncoding = 4; lastKnownFileType = sourcecode.c.h; path = AFHTTPRequestOperation.h; sourceTree = "<group>"; };
		34A8388618A458070038711E /* AFHTTPRequestOperation.m */ = {isa = PBXFileReference; fileEncoding = 4; lastKnownFileType = sourcecode.c.objc; path = AFHTTPRequestOperation.m; sourceTree = "<group>"; };
		34A8388718A458070038711E /* AFHTTPRequestOperationManager.h */ = {isa = PBXFileReference; fileEncoding = 4; lastKnownFileType = sourcecode.c.h; path = AFHTTPRequestOperationManager.h; sourceTree = "<group>"; };
		34A8388818A458070038711E /* AFHTTPRequestOperationManager.m */ = {isa = PBXFileReference; fileEncoding = 4; lastKnownFileType = sourcecode.c.objc; path = AFHTTPRequestOperationManager.m; sourceTree = "<group>"; };
		34A8388918A458070038711E /* AFHTTPSessionManager.h */ = {isa = PBXFileReference; fileEncoding = 4; lastKnownFileType = sourcecode.c.h; path = AFHTTPSessionManager.h; sourceTree = "<group>"; };
		34A8388A18A458070038711E /* AFHTTPSessionManager.m */ = {isa = PBXFileReference; fileEncoding = 4; lastKnownFileType = sourcecode.c.objc; path = AFHTTPSessionManager.m; sourceTree = "<group>"; };
		34A8388B18A458070038711E /* AFNetworking.h */ = {isa = PBXFileReference; fileEncoding = 4; lastKnownFileType = sourcecode.c.h; path = AFNetworking.h; sourceTree = "<group>"; };
		34A8388C18A458070038711E /* AFNetworkReachabilityManager.h */ = {isa = PBXFileReference; fileEncoding = 4; lastKnownFileType = sourcecode.c.h; path = AFNetworkReachabilityManager.h; sourceTree = "<group>"; };
		34A8388D18A458070038711E /* AFNetworkReachabilityManager.m */ = {isa = PBXFileReference; fileEncoding = 4; lastKnownFileType = sourcecode.c.objc; path = AFNetworkReachabilityManager.m; sourceTree = "<group>"; };
		34A8388E18A458070038711E /* AFSecurityPolicy.h */ = {isa = PBXFileReference; fileEncoding = 4; lastKnownFileType = sourcecode.c.h; path = AFSecurityPolicy.h; sourceTree = "<group>"; };
		34A8388F18A458070038711E /* AFSecurityPolicy.m */ = {isa = PBXFileReference; fileEncoding = 4; lastKnownFileType = sourcecode.c.objc; path = AFSecurityPolicy.m; sourceTree = "<group>"; };
		34A8389018A458070038711E /* AFURLConnectionOperation.h */ = {isa = PBXFileReference; fileEncoding = 4; lastKnownFileType = sourcecode.c.h; path = AFURLConnectionOperation.h; sourceTree = "<group>"; };
		34A8389118A458070038711E /* AFURLConnectionOperation.m */ = {isa = PBXFileReference; fileEncoding = 4; lastKnownFileType = sourcecode.c.objc; path = AFURLConnectionOperation.m; sourceTree = "<group>"; };
		34A8389218A458070038711E /* AFURLRequestSerialization.h */ = {isa = PBXFileReference; fileEncoding = 4; lastKnownFileType = sourcecode.c.h; path = AFURLRequestSerialization.h; sourceTree = "<group>"; };
		34A8389318A458070038711E /* AFURLRequestSerialization.m */ = {isa = PBXFileReference; fileEncoding = 4; lastKnownFileType = sourcecode.c.objc; path = AFURLRequestSerialization.m; sourceTree = "<group>"; };
		34A8389418A458070038711E /* AFURLResponseSerialization.h */ = {isa = PBXFileReference; fileEncoding = 4; lastKnownFileType = sourcecode.c.h; path = AFURLResponseSerialization.h; sourceTree = "<group>"; };
		34A8389518A458070038711E /* AFURLResponseSerialization.m */ = {isa = PBXFileReference; fileEncoding = 4; lastKnownFileType = sourcecode.c.objc; path = AFURLResponseSerialization.m; sourceTree = "<group>"; };
		34A8389618A458070038711E /* AFURLSessionManager.h */ = {isa = PBXFileReference; fileEncoding = 4; lastKnownFileType = sourcecode.c.h; path = AFURLSessionManager.h; sourceTree = "<group>"; };
		34A8389718A458070038711E /* AFURLSessionManager.m */ = {isa = PBXFileReference; fileEncoding = 4; lastKnownFileType = sourcecode.c.objc; path = AFURLSessionManager.m; sourceTree = "<group>"; };
		34A838A218A458780038711E /* MDAMarvelAPIClient.h */ = {isa = PBXFileReference; fileEncoding = 4; lastKnownFileType = sourcecode.c.h; name = MDAMarvelAPIClient.h; path = "Networking Extensions/MDAMarvelAPIClient.h"; sourceTree = "<group>"; };
		34A838A318A458780038711E /* MDAMarvelAPIClient.m */ = {isa = PBXFileReference; fileEncoding = 4; lastKnownFileType = sourcecode.c.objc; name = MDAMarvelAPIClient.m; path = "Networking Extensions/MDAMarvelAPIClient.m"; sourceTree = "<group>"; };
		34A838A718A459CB0038711E /* CBPAppDelegate.h */ = {isa = PBXFileReference; fileEncoding = 4; lastKnownFileType = sourcecode.c.h; path = CBPAppDelegate.h; sourceTree = "<group>"; };
		34A838A818A459CB0038711E /* CBPAppDelegate.m */ = {isa = PBXFileReference; fileEncoding = 4; lastKnownFileType = sourcecode.c.objc; path = CBPAppDelegate.m; sourceTree = "<group>"; };
		34A838AA18A459CB0038711E /* CBPComicListViewController.h */ = {isa = PBXFileReference; fileEncoding = 4; lastKnownFileType = sourcecode.c.h; path = CBPComicListViewController.h; sourceTree = "<group>"; };
		34A838AB18A459CB0038711E /* CBPComicListViewController.m */ = {isa = PBXFileReference; fileEncoding = 4; lastKnownFileType = sourcecode.c.objc; path = CBPComicListViewController.m; sourceTree = "<group>"; };
		34A838B018A45DC40038711E /* CBPDefines.h */ = {isa = PBXFileReference; fileEncoding = 4; lastKnownFileType = sourcecode.c.h; path = CBPDefines.h; sourceTree = "<group>"; };
		34F608FE18A981C10074F871 /* MDACreatorSummary.h */ = {isa = PBXFileReference; fileEncoding = 4; lastKnownFileType = sourcecode.c.h; path = MDACreatorSummary.h; sourceTree = "<group>"; };
		34F608FF18A981C10074F871 /* MDACreatorSummary.m */ = {isa = PBXFileReference; fileEncoding = 4; lastKnownFileType = sourcecode.c.objc; path = MDACreatorSummary.m; sourceTree = "<group>"; };
		34F6090118A9822E0074F871 /* MDASummary.h */ = {isa = PBXFileReference; fileEncoding = 4; lastKnownFileType = sourcecode.c.h; path = MDASummary.h; sourceTree = "<group>"; };
		34F6090218A9822E0074F871 /* MDASummary.m */ = {isa = PBXFileReference; fileEncoding = 4; lastKnownFileType = sourcecode.c.objc; path = MDASummary.m; sourceTree = "<group>"; };
		34F6090418A987050074F871 /* CBPCreatorViewController.h */ = {isa = PBXFileReference; fileEncoding = 4; lastKnownFileType = sourcecode.c.h; path = CBPCreatorViewController.h; sourceTree = "<group>"; };
		34F6090518A987050074F871 /* CBPCreatorViewController.m */ = {isa = PBXFileReference; fileEncoding = 4; lastKnownFileType = sourcecode.c.objc; path = CBPCreatorViewController.m; sourceTree = "<group>"; };
		34F6090718A98FAE0074F871 /* CBPSeriesViewController.h */ = {isa = PBXFileReference; fileEncoding = 4; lastKnownFileType = sourcecode.c.h; path = CBPSeriesViewController.h; sourceTree = "<group>"; };
		34F6090818A98FAE0074F871 /* CBPSeriesViewController.m */ = {isa = PBXFileReference; fileEncoding = 4; lastKnownFileType = sourcecode.c.objc; path = CBPSeriesViewController.m; sourceTree = "<group>"; };
		34F777F818A7EC1B00EC3C86 /* MDASearchParameters.h */ = {isa = PBXFileReference; fileEncoding = 4; lastKnownFileType = sourcecode.c.h; path = MDASearchParameters.h; sourceTree = "<group>"; };
		34F777F918A7EC1B00EC3C86 /* MDASearchParameters.m */ = {isa = PBXFileReference; fileEncoding = 4; lastKnownFileType = sourcecode.c.objc; path = MDASearchParameters.m; sourceTree = "<group>"; };
		34F777FB18A7F22B00EC3C86 /* NSURLSessionDataTask+MarvelDeveloperAPI.h */ = {isa = PBXFileReference; fileEncoding = 4; lastKnownFileType = sourcecode.c.h; name = "NSURLSessionDataTask+MarvelDeveloperAPI.h"; path = "Networking Extensions/NSURLSessionDataTask+MarvelDeveloperAPI.h"; sourceTree = "<group>"; };
		34F777FC18A7F22B00EC3C86 /* NSURLSessionDataTask+MarvelDeveloperAPI.m */ = {isa = PBXFileReference; fileEncoding = 4; lastKnownFileType = sourcecode.c.objc; name = "NSURLSessionDataTask+MarvelDeveloperAPI.m"; path = "Networking Extensions/NSURLSessionDataTask+MarvelDeveloperAPI.m"; sourceTree = "<group>"; };
		34F777FE18A8049F00EC3C86 /* MDAComicList.h */ = {isa = PBXFileReference; fileEncoding = 4; lastKnownFileType = sourcecode.c.h; path = MDAComicList.h; sourceTree = "<group>"; };
		34F777FF18A8049F00EC3C86 /* MDAComicList.m */ = {isa = PBXFileReference; fileEncoding = 4; lastKnownFileType = sourcecode.c.objc; path = MDAComicList.m; sourceTree = "<group>"; };
		34F7780018A8049F00EC3C86 /* MDACreator.h */ = {isa = PBXFileReference; fileEncoding = 4; lastKnownFileType = sourcecode.c.h; path = MDACreator.h; sourceTree = "<group>"; };
		34F7780118A8049F00EC3C86 /* MDACreator.m */ = {isa = PBXFileReference; fileEncoding = 4; lastKnownFileType = sourcecode.c.objc; path = MDACreator.m; sourceTree = "<group>"; };
		34F7780218A8049F00EC3C86 /* MDACreatorDataContainer.h */ = {isa = PBXFileReference; fileEncoding = 4; lastKnownFileType = sourcecode.c.h; path = MDACreatorDataContainer.h; sourceTree = "<group>"; };
		34F7780318A8049F00EC3C86 /* MDACreatorDataContainer.m */ = {isa = PBXFileReference; fileEncoding = 4; lastKnownFileType = sourcecode.c.objc; path = MDACreatorDataContainer.m; sourceTree = "<group>"; };
		34F7780418A8049F00EC3C86 /* MDACreatorDataWrapper.h */ = {isa = PBXFileReference; fileEncoding = 4; lastKnownFileType = sourcecode.c.h; path = MDACreatorDataWrapper.h; sourceTree = "<group>"; };
		34F7780518A8049F00EC3C86 /* MDACreatorDataWrapper.m */ = {isa = PBXFileReference; fileEncoding = 4; lastKnownFileType = sourcecode.c.objc; path = MDACreatorDataWrapper.m; sourceTree = "<group>"; };
		34F7780618A8049F00EC3C86 /* MDASeriesList.h */ = {isa = PBXFileReference; fileEncoding = 4; lastKnownFileType = sourcecode.c.h; path = MDASeriesList.h; sourceTree = "<group>"; };
		34F7780718A8049F00EC3C86 /* MDASeriesList.m */ = {isa = PBXFileReference; fileEncoding = 4; lastKnownFileType = sourcecode.c.objc; path = MDASeriesList.m; sourceTree = "<group>"; };
		34F7781018A80F5D00EC3C86 /* MDAComicDataWrapper.h */ = {isa = PBXFileReference; fileEncoding = 4; lastKnownFileType = sourcecode.c.h; path = MDAComicDataWrapper.h; sourceTree = "<group>"; };
		34F7781118A80F5D00EC3C86 /* MDAComicDataWrapper.m */ = {isa = PBXFileReference; fileEncoding = 4; lastKnownFileType = sourcecode.c.objc; path = MDAComicDataWrapper.m; sourceTree = "<group>"; };
		34F7781418A8159500EC3C86 /* AFNetworkActivityIndicatorManager.h */ = {isa = PBXFileReference; fileEncoding = 4; lastKnownFileType = sourcecode.c.h; path = AFNetworkActivityIndicatorManager.h; sourceTree = "<group>"; };
		34F7781518A8159500EC3C86 /* AFNetworkActivityIndicatorManager.m */ = {isa = PBXFileReference; fileEncoding = 4; lastKnownFileType = sourcecode.c.objc; path = AFNetworkActivityIndicatorManager.m; sourceTree = "<group>"; };
		34F7781618A8159500EC3C86 /* UIActivityIndicatorView+AFNetworking.h */ = {isa = PBXFileReference; fileEncoding = 4; lastKnownFileType = sourcecode.c.h; path = "UIActivityIndicatorView+AFNetworking.h"; sourceTree = "<group>"; };
		34F7781718A8159500EC3C86 /* UIActivityIndicatorView+AFNetworking.m */ = {isa = PBXFileReference; fileEncoding = 4; lastKnownFileType = sourcecode.c.objc; path = "UIActivityIndicatorView+AFNetworking.m"; sourceTree = "<group>"; };
		34F7781818A8159500EC3C86 /* UIAlertView+AFNetworking.h */ = {isa = PBXFileReference; fileEncoding = 4; lastKnownFileType = sourcecode.c.h; path = "UIAlertView+AFNetworking.h"; sourceTree = "<group>"; };
		34F7781918A8159500EC3C86 /* UIAlertView+AFNetworking.m */ = {isa = PBXFileReference; fileEncoding = 4; lastKnownFileType = sourcecode.c.objc; path = "UIAlertView+AFNetworking.m"; sourceTree = "<group>"; };
		34F7781A18A8159500EC3C86 /* UIButton+AFNetworking.h */ = {isa = PBXFileReference; fileEncoding = 4; lastKnownFileType = sourcecode.c.h; path = "UIButton+AFNetworking.h"; sourceTree = "<group>"; };
		34F7781B18A8159500EC3C86 /* UIButton+AFNetworking.m */ = {isa = PBXFileReference; fileEncoding = 4; lastKnownFileType = sourcecode.c.objc; path = "UIButton+AFNetworking.m"; sourceTree = "<group>"; };
		34F7781C18A8159500EC3C86 /* UIImageView+AFNetworking.h */ = {isa = PBXFileReference; fileEncoding = 4; lastKnownFileType = sourcecode.c.h; path = "UIImageView+AFNetworking.h"; sourceTree = "<group>"; };
		34F7781D18A8159500EC3C86 /* UIImageView+AFNetworking.m */ = {isa = PBXFileReference; fileEncoding = 4; lastKnownFileType = sourcecode.c.objc; path = "UIImageView+AFNetworking.m"; sourceTree = "<group>"; };
		34F7781E18A8159500EC3C86 /* UIKit+AFNetworking.h */ = {isa = PBXFileReference; fileEncoding = 4; lastKnownFileType = sourcecode.c.h; path = "UIKit+AFNetworking.h"; sourceTree = "<group>"; };
		34F7781F18A8159500EC3C86 /* UIProgressView+AFNetworking.h */ = {isa = PBXFileReference; fileEncoding = 4; lastKnownFileType = sourcecode.c.h; path = "UIProgressView+AFNetworking.h"; sourceTree = "<group>"; };
		34F7782018A8159500EC3C86 /* UIProgressView+AFNetworking.m */ = {isa = PBXFileReference; fileEncoding = 4; lastKnownFileType = sourcecode.c.objc; path = "UIProgressView+AFNetworking.m"; sourceTree = "<group>"; };
		34F7782118A8159500EC3C86 /* UIWebView+AFNetworking.h */ = {isa = PBXFileReference; fileEncoding = 4; lastKnownFileType = sourcecode.c.h; path = "UIWebView+AFNetworking.h"; sourceTree = "<group>"; };
		34F7782218A8159500EC3C86 /* UIWebView+AFNetworking.m */ = {isa = PBXFileReference; fileEncoding = 4; lastKnownFileType = sourcecode.c.objc; path = "UIWebView+AFNetworking.m"; sourceTree = "<group>"; };
		34F7782A18A81FAB00EC3C86 /* CBPComicViewController.h */ = {isa = PBXFileReference; fileEncoding = 4; lastKnownFileType = sourcecode.c.h; path = CBPComicViewController.h; sourceTree = "<group>"; };
		34F7782B18A81FAB00EC3C86 /* CBPComicViewController.m */ = {isa = PBXFileReference; fileEncoding = 4; lastKnownFileType = sourcecode.c.objc; path = CBPComicViewController.m; sourceTree = "<group>"; };
		F5CA434518ACD253008A88BD /* CBPTableViewController.h */ = {isa = PBXFileReference; fileEncoding = 4; lastKnownFileType = sourcecode.c.h; path = CBPTableViewController.h; sourceTree = "<group>"; };
		F5CA434618ACD253008A88BD /* CBPTableViewController.m */ = {isa = PBXFileReference; fileEncoding = 4; lastKnownFileType = sourcecode.c.objc; path = CBPTableViewController.m; sourceTree = "<group>"; };
		F5CA434818ACD3B4008A88BD /* MDAObject.h */ = {isa = PBXFileReference; fileEncoding = 4; lastKnownFileType = sourcecode.c.h; path = MDAObject.h; sourceTree = "<group>"; };
		F5CA434918ACD3B4008A88BD /* MDAObject.m */ = {isa = PBXFileReference; fileEncoding = 4; lastKnownFileType = sourcecode.c.objc; path = MDAObject.m; sourceTree = "<group>"; };
		F5CA434B18AD1A2A008A88BD /* MDAEventSummary.h */ = {isa = PBXFileReference; fileEncoding = 4; lastKnownFileType = sourcecode.c.h; path = MDAEventSummary.h; sourceTree = "<group>"; };
		F5CA434C18AD1A2A008A88BD /* MDAEventSummary.m */ = {isa = PBXFileReference; fileEncoding = 4; lastKnownFileType = sourcecode.c.objc; path = MDAEventSummary.m; sourceTree = "<group>"; };
		F5CA434E18AD1AD2008A88BD /* MDACharacterSummary.h */ = {isa = PBXFileReference; fileEncoding = 4; lastKnownFileType = sourcecode.c.h; path = MDACharacterSummary.h; sourceTree = "<group>"; };
		F5CA434F18AD1AD2008A88BD /* MDACharacterSummary.m */ = {isa = PBXFileReference; fileEncoding = 4; lastKnownFileType = sourcecode.c.objc; path = MDACharacterSummary.m; sourceTree = "<group>"; };
		F5CBD72018A5512700D21F7A /* MDACharacterList.h */ = {isa = PBXFileReference; fileEncoding = 4; lastKnownFileType = sourcecode.c.h; path = MDACharacterList.h; sourceTree = "<group>"; };
		F5CBD72118A5512700D21F7A /* MDACharacterList.m */ = {isa = PBXFileReference; fileEncoding = 4; lastKnownFileType = sourcecode.c.objc; path = MDACharacterList.m; sourceTree = "<group>"; };
		F5CBD72218A5512700D21F7A /* MDAComic.h */ = {isa = PBXFileReference; fileEncoding = 4; lastKnownFileType = sourcecode.c.h; path = MDAComic.h; sourceTree = "<group>"; };
		F5CBD72318A5512700D21F7A /* MDAComic.m */ = {isa = PBXFileReference; fileEncoding = 4; lastKnownFileType = sourcecode.c.objc; path = MDAComic.m; sourceTree = "<group>"; };
		F5CBD72418A5512700D21F7A /* MDAComicDataContainer.h */ = {isa = PBXFileReference; fileEncoding = 4; lastKnownFileType = sourcecode.c.h; path = MDAComicDataContainer.h; sourceTree = "<group>"; };
		F5CBD72518A5512700D21F7A /* MDAComicDataContainer.m */ = {isa = PBXFileReference; fileEncoding = 4; lastKnownFileType = sourcecode.c.objc; path = MDAComicDataContainer.m; sourceTree = "<group>"; };
		F5CBD72618A5512700D21F7A /* MDAComicDate.h */ = {isa = PBXFileReference; fileEncoding = 4; lastKnownFileType = sourcecode.c.h; path = MDAComicDate.h; sourceTree = "<group>"; };
		F5CBD72718A5512700D21F7A /* MDAComicDate.m */ = {isa = PBXFileReference; fileEncoding = 4; lastKnownFileType = sourcecode.c.objc; path = MDAComicDate.m; sourceTree = "<group>"; };
		F5CBD72818A5512700D21F7A /* MDAComicPrice.h */ = {isa = PBXFileReference; fileEncoding = 4; lastKnownFileType = sourcecode.c.h; path = MDAComicPrice.h; sourceTree = "<group>"; };
		F5CBD72918A5512700D21F7A /* MDAComicPrice.m */ = {isa = PBXFileReference; fileEncoding = 4; lastKnownFileType = sourcecode.c.objc; path = MDAComicPrice.m; sourceTree = "<group>"; };
		F5CBD72A18A5512700D21F7A /* MDAComicSummary.h */ = {isa = PBXFileReference; fileEncoding = 4; lastKnownFileType = sourcecode.c.h; path = MDAComicSummary.h; sourceTree = "<group>"; };
		F5CBD72B18A5512700D21F7A /* MDAComicSummary.m */ = {isa = PBXFileReference; fileEncoding = 4; lastKnownFileType = sourcecode.c.objc; path = MDAComicSummary.m; sourceTree = "<group>"; };
		F5CBD72C18A5512700D21F7A /* MDACreatorList.h */ = {isa = PBXFileReference; fileEncoding = 4; lastKnownFileType = sourcecode.c.h; path = MDACreatorList.h; sourceTree = "<group>"; };
		F5CBD72D18A5512700D21F7A /* MDACreatorList.m */ = {isa = PBXFileReference; fileEncoding = 4; lastKnownFileType = sourcecode.c.objc; path = MDACreatorList.m; sourceTree = "<group>"; };
		F5CBD72E18A5512700D21F7A /* MDADataWrapper.h */ = {isa = PBXFileReference; fileEncoding = 4; lastKnownFileType = sourcecode.c.h; path = MDADataWrapper.h; sourceTree = "<group>"; };
		F5CBD72F18A5512700D21F7A /* MDADataWrapper.m */ = {isa = PBXFileReference; fileEncoding = 4; lastKnownFileType = sourcecode.c.objc; path = MDADataWrapper.m; sourceTree = "<group>"; };
		F5CBD73018A5512700D21F7A /* MDAEventList.h */ = {isa = PBXFileReference; fileEncoding = 4; lastKnownFileType = sourcecode.c.h; path = MDAEventList.h; sourceTree = "<group>"; };
		F5CBD73118A5512700D21F7A /* MDAEventList.m */ = {isa = PBXFileReference; fileEncoding = 4; lastKnownFileType = sourcecode.c.objc; path = MDAEventList.m; sourceTree = "<group>"; };
		F5CBD73218A5512700D21F7A /* MDAImage.h */ = {isa = PBXFileReference; fileEncoding = 4; lastKnownFileType = sourcecode.c.h; path = MDAImage.h; sourceTree = "<group>"; };
		F5CBD73318A5512700D21F7A /* MDAImage.m */ = {isa = PBXFileReference; fileEncoding = 4; lastKnownFileType = sourcecode.c.objc; path = MDAImage.m; sourceTree = "<group>"; };
		F5CBD73418A5512700D21F7A /* MDASeriesSummary.h */ = {isa = PBXFileReference; fileEncoding = 4; lastKnownFileType = sourcecode.c.h; path = MDASeriesSummary.h; sourceTree = "<group>"; };
		F5CBD73518A5512700D21F7A /* MDASeriesSummary.m */ = {isa = PBXFileReference; fileEncoding = 4; lastKnownFileType = sourcecode.c.objc; path = MDASeriesSummary.m; sourceTree = "<group>"; };
		F5CBD73618A5512700D21F7A /* MDAStoryList.h */ = {isa = PBXFileReference; fileEncoding = 4; lastKnownFileType = sourcecode.c.h; path = MDAStoryList.h; sourceTree = "<group>"; };
		F5CBD73718A5512700D21F7A /* MDAStoryList.m */ = {isa = PBXFileReference; fileEncoding = 4; lastKnownFileType = sourcecode.c.objc; path = MDAStoryList.m; sourceTree = "<group>"; };
		F5CBD73818A5512700D21F7A /* MDAStorySummary.h */ = {isa = PBXFileReference; fileEncoding = 4; lastKnownFileType = sourcecode.c.h; path = MDAStorySummary.h; sourceTree = "<group>"; };
		F5CBD73918A5512700D21F7A /* MDAStorySummary.m */ = {isa = PBXFileReference; fileEncoding = 4; lastKnownFileType = sourcecode.c.objc; path = MDAStorySummary.m; sourceTree = "<group>"; };
		F5CBD73A18A5512700D21F7A /* MDATextObject.h */ = {isa = PBXFileReference; fileEncoding = 4; lastKnownFileType = sourcecode.c.h; path = MDATextObject.h; sourceTree = "<group>"; };
		F5CBD73B18A5512700D21F7A /* MDATextObject.m */ = {isa = PBXFileReference; fileEncoding = 4; lastKnownFileType = sourcecode.c.objc; path = MDATextObject.m; sourceTree = "<group>"; };
		F5CBD73C18A5512700D21F7A /* MDAUrl.h */ = {isa = PBXFileReference; fileEncoding = 4; lastKnownFileType = sourcecode.c.h; path = MDAUrl.h; sourceTree = "<group>"; };
		F5CBD73D18A5512700D21F7A /* MDAUrl.m */ = {isa = PBXFileReference; fileEncoding = 4; lastKnownFileType = sourcecode.c.objc; path = MDAUrl.m; sourceTree = "<group>"; };
		F5ED47FD18ABE46A0049BA3B /* MDAStory.h */ = {isa = PBXFileReference; fileEncoding = 4; lastKnownFileType = sourcecode.c.h; path = MDAStory.h; sourceTree = "<group>"; };
		F5ED47FE18ABE46A0049BA3B /* MDAStory.m */ = {isa = PBXFileReference; fileEncoding = 4; lastKnownFileType = sourcecode.c.objc; path = MDAStory.m; sourceTree = "<group>"; };
		F5ED47FF18ABE46A0049BA3B /* MDAStoryDataContainer.h */ = {isa = PBXFileReference; fileEncoding = 4; lastKnownFileType = sourcecode.c.h; path = MDAStoryDataContainer.h; sourceTree = "<group>"; };
		F5ED480018ABE46A0049BA3B /* MDAStoryDataContainer.m */ = {isa = PBXFileReference; fileEncoding = 4; lastKnownFileType = sourcecode.c.objc; path = MDAStoryDataContainer.m; sourceTree = "<group>"; };
		F5ED480118ABE46A0049BA3B /* MDAStoryDataWrapper.h */ = {isa = PBXFileReference; fileEncoding = 4; lastKnownFileType = sourcecode.c.h; path = MDAStoryDataWrapper.h; sourceTree = "<group>"; };
		F5ED480218ABE46A0049BA3B /* MDAStoryDataWrapper.m */ = {isa = PBXFileReference; fileEncoding = 4; lastKnownFileType = sourcecode.c.objc; path = MDAStoryDataWrapper.m; sourceTree = "<group>"; };
/* End PBXFileReference section */

/* Begin PBXFrameworksBuildPhase section */
		34A8384418A448E00038711E /* Frameworks */ = {
			isa = PBXFrameworksBuildPhase;
			buildActionMask = 2147483647;
			files = (
				3435EFBF18AE93FD0032AACC /* AVFoundation.framework in Frameworks */,
				34A8384D18A448E00038711E /* CoreGraphics.framework in Frameworks */,
				34A8384F18A448E00038711E /* UIKit.framework in Frameworks */,
				34A8384B18A448E00038711E /* Foundation.framework in Frameworks */,
			);
			runOnlyForDeploymentPostprocessing = 0;
		};
		34A8386518A448E00038711E /* Frameworks */ = {
			isa = PBXFrameworksBuildPhase;
			buildActionMask = 2147483647;
			files = (
				34A8386A18A448E00038711E /* XCTest.framework in Frameworks */,
				34A8386C18A448E00038711E /* UIKit.framework in Frameworks */,
				34A8386B18A448E00038711E /* Foundation.framework in Frameworks */,
			);
			runOnlyForDeploymentPostprocessing = 0;
		};
/* End PBXFrameworksBuildPhase section */

/* Begin PBXGroup section */
		34A8383E18A448E00038711E = {
			isa = PBXGroup;
			children = (
				34A8385018A448E00038711E /* Marvel API */,
				34A8386F18A448E00038711E /* Marvel APITests */,
				34A8384918A448E00038711E /* Frameworks */,
				34A8384818A448E00038711E /* Products */,
			);
			sourceTree = "<group>";
		};
		34A8384818A448E00038711E /* Products */ = {
			isa = PBXGroup;
			children = (
				34A8384718A448E00038711E /* Marvel API.app */,
				34A8386818A448E00038711E /* Marvel APITests.xctest */,
			);
			name = Products;
			sourceTree = "<group>";
		};
		34A8384918A448E00038711E /* Frameworks */ = {
			isa = PBXGroup;
			children = (
				3435EFBE18AE93FD0032AACC /* AVFoundation.framework */,
				34A8384A18A448E00038711E /* Foundation.framework */,
				34A8384C18A448E00038711E /* CoreGraphics.framework */,
				34A8384E18A448E00038711E /* UIKit.framework */,
				34A8386918A448E00038711E /* XCTest.framework */,
			);
			name = Frameworks;
			sourceTree = "<group>";
		};
		34A8385018A448E00038711E /* Marvel API */ = {
			isa = PBXGroup;
			children = (
				34A838A618A459CB0038711E /* Classes */,
				34A838A118A458440038711E /* Networking Extensions */,
				34A8388218A449A80038711E /* Vendor */,
				34A8386218A448E00038711E /* Images.xcassets */,
			);
			path = "Marvel API";
			sourceTree = "<group>";
		};
		34A8385118A448E00038711E /* Supporting Files */ = {
			isa = PBXGroup;
			children = (
				34A8385218A448E00038711E /* Marvel API-Info.plist */,
				34A8385318A448E00038711E /* InfoPlist.strings */,
				34A8385618A448E00038711E /* main.m */,
				34A8385818A448E00038711E /* Marvel API-Prefix.pch */,
			);
			name = "Supporting Files";
			path = ..;
			sourceTree = "<group>";
		};
		34A8386F18A448E00038711E /* Marvel APITests */ = {
			isa = PBXGroup;
			children = (
				34A8387518A448E00038711E /* Marvel_APITests.m */,
				34A8387018A448E00038711E /* Supporting Files */,
			);
			path = "Marvel APITests";
			sourceTree = "<group>";
		};
		34A8387018A448E00038711E /* Supporting Files */ = {
			isa = PBXGroup;
			children = (
				34A8387118A448E00038711E /* Marvel APITests-Info.plist */,
				34A8387218A448E00038711E /* InfoPlist.strings */,
			);
			name = "Supporting Files";
			sourceTree = "<group>";
		};
		34A8388218A449A80038711E /* Vendor */ = {
			isa = PBXGroup;
			children = (
				34A8388418A458070038711E /* AFNetworking */,
				34F7781318A8159500EC3C86 /* UIKit+AFNetworking */,
			);
			path = Vendor;
			sourceTree = "<group>";
		};
		34A8388418A458070038711E /* AFNetworking */ = {
			isa = PBXGroup;
			children = (
				34A8388518A458070038711E /* AFHTTPRequestOperation.h */,
				34A8388618A458070038711E /* AFHTTPRequestOperation.m */,
				34A8388718A458070038711E /* AFHTTPRequestOperationManager.h */,
				34A8388818A458070038711E /* AFHTTPRequestOperationManager.m */,
				34A8388918A458070038711E /* AFHTTPSessionManager.h */,
				34A8388A18A458070038711E /* AFHTTPSessionManager.m */,
				34A8388B18A458070038711E /* AFNetworking.h */,
				34A8388C18A458070038711E /* AFNetworkReachabilityManager.h */,
				34A8388D18A458070038711E /* AFNetworkReachabilityManager.m */,
				34A8388E18A458070038711E /* AFSecurityPolicy.h */,
				34A8388F18A458070038711E /* AFSecurityPolicy.m */,
				34A8389018A458070038711E /* AFURLConnectionOperation.h */,
				34A8389118A458070038711E /* AFURLConnectionOperation.m */,
				34A8389218A458070038711E /* AFURLRequestSerialization.h */,
				34A8389318A458070038711E /* AFURLRequestSerialization.m */,
				34A8389418A458070038711E /* AFURLResponseSerialization.h */,
				34A8389518A458070038711E /* AFURLResponseSerialization.m */,
				34A8389618A458070038711E /* AFURLSessionManager.h */,
				34A8389718A458070038711E /* AFURLSessionManager.m */,
			);
			name = AFNetworking;
			path = AFNetworking/AFNetworking;
			sourceTree = "<group>";
		};
		34A838A118A458440038711E /* Networking Extensions */ = {
			isa = PBXGroup;
			children = (
				34A838A218A458780038711E /* MDAMarvelAPIClient.h */,
				34A838A318A458780038711E /* MDAMarvelAPIClient.m */,
				34F777FB18A7F22B00EC3C86 /* NSURLSessionDataTask+MarvelDeveloperAPI.h */,
				34F777FC18A7F22B00EC3C86 /* NSURLSessionDataTask+MarvelDeveloperAPI.m */,
			);
			name = "Networking Extensions";
			sourceTree = "<group>";
		};
		34A838A618A459CB0038711E /* Classes */ = {
			isa = PBXGroup;
			children = (
				34A838B018A45DC40038711E /* CBPDefines.h */,
				34A838A718A459CB0038711E /* CBPAppDelegate.h */,
				34A838A818A459CB0038711E /* CBPAppDelegate.m */,
				34A838AC18A459CB0038711E /* Models */,
				34A838AD18A459CB0038711E /* Views */,
				34A838A918A459CB0038711E /* Controllers */,
				34A8385118A448E00038711E /* Supporting Files */,
			);
			path = Classes;
			sourceTree = "<group>";
		};
		34A838A918A459CB0038711E /* Controllers */ = {
			isa = PBXGroup;
			children = (
				34A838AA18A459CB0038711E /* CBPComicListViewController.h */,
				34A838AB18A459CB0038711E /* CBPComicListViewController.m */,
				34F7782A18A81FAB00EC3C86 /* CBPComicViewController.h */,
				34F7782B18A81FAB00EC3C86 /* CBPComicViewController.m */,
				34F6090418A987050074F871 /* CBPCreatorViewController.h */,
				34F6090518A987050074F871 /* CBPCreatorViewController.m */,
				34F6090718A98FAE0074F871 /* CBPSeriesViewController.h */,
				34F6090818A98FAE0074F871 /* CBPSeriesViewController.m */,
				F5CA434518ACD253008A88BD /* CBPTableViewController.h */,
				F5CA434618ACD253008A88BD /* CBPTableViewController.m */,
				3435EFB918AE92380032AACC /* CBPBarCodeViewController.h */,
				3435EFBA18AE92380032AACC /* CBPBarCodeViewController.m */,
			);
			path = Controllers;
			sourceTree = "<group>";
		};
		34A838AC18A459CB0038711E /* Models */ = {
			isa = PBXGroup;
			children = (
				F5CBD72018A5512700D21F7A /* MDACharacterList.h */,
				F5CBD72118A5512700D21F7A /* MDACharacterList.m */,
				F5CA434E18AD1AD2008A88BD /* MDACharacterSummary.h */,
				F5CA434F18AD1AD2008A88BD /* MDACharacterSummary.m */,
				F5CBD72218A5512700D21F7A /* MDAComic.h */,
				F5CBD72318A5512700D21F7A /* MDAComic.m */,
				F5CBD72418A5512700D21F7A /* MDAComicDataContainer.h */,
				F5CBD72518A5512700D21F7A /* MDAComicDataContainer.m */,
				34F7781018A80F5D00EC3C86 /* MDAComicDataWrapper.h */,
				34F7781118A80F5D00EC3C86 /* MDAComicDataWrapper.m */,
				F5CBD72618A5512700D21F7A /* MDAComicDate.h */,
				F5CBD72718A5512700D21F7A /* MDAComicDate.m */,
				34F777FE18A8049F00EC3C86 /* MDAComicList.h */,
				34F777FF18A8049F00EC3C86 /* MDAComicList.m */,
				F5CBD72818A5512700D21F7A /* MDAComicPrice.h */,
				F5CBD72918A5512700D21F7A /* MDAComicPrice.m */,
				F5CBD72A18A5512700D21F7A /* MDAComicSummary.h */,
				F5CBD72B18A5512700D21F7A /* MDAComicSummary.m */,
				34F7780018A8049F00EC3C86 /* MDACreator.h */,
				34F7780118A8049F00EC3C86 /* MDACreator.m */,
				34F7780218A8049F00EC3C86 /* MDACreatorDataContainer.h */,
				34F7780318A8049F00EC3C86 /* MDACreatorDataContainer.m */,
				34F7780418A8049F00EC3C86 /* MDACreatorDataWrapper.h */,
				34F7780518A8049F00EC3C86 /* MDACreatorDataWrapper.m */,
				F5CBD72C18A5512700D21F7A /* MDACreatorList.h */,
				F5CBD72D18A5512700D21F7A /* MDACreatorList.m */,
				34F608FE18A981C10074F871 /* MDACreatorSummary.h */,
				34F608FF18A981C10074F871 /* MDACreatorSummary.m */,
				F5CBD72E18A5512700D21F7A /* MDADataWrapper.h */,
				F5CBD72F18A5512700D21F7A /* MDADataWrapper.m */,
				F5CBD73018A5512700D21F7A /* MDAEventList.h */,
				F5CBD73118A5512700D21F7A /* MDAEventList.m */,
				F5CA434B18AD1A2A008A88BD /* MDAEventSummary.h */,
				F5CA434C18AD1A2A008A88BD /* MDAEventSummary.m */,
				F5CBD73218A5512700D21F7A /* MDAImage.h */,
				F5CBD73318A5512700D21F7A /* MDAImage.m */,
				F5CA434818ACD3B4008A88BD /* MDAObject.h */,
				F5CA434918ACD3B4008A88BD /* MDAObject.m */,
				34F777F818A7EC1B00EC3C86 /* MDASearchParameters.h */,
				34F777F918A7EC1B00EC3C86 /* MDASearchParameters.m */,
				34F7780618A8049F00EC3C86 /* MDASeriesList.h */,
				34F7780718A8049F00EC3C86 /* MDASeriesList.m */,
				F5CBD73418A5512700D21F7A /* MDASeriesSummary.h */,
				F5CBD73518A5512700D21F7A /* MDASeriesSummary.m */,
				F5ED47FD18ABE46A0049BA3B /* MDAStory.h */,
				F5ED47FE18ABE46A0049BA3B /* MDAStory.m */,
				F5ED47FF18ABE46A0049BA3B /* MDAStoryDataContainer.h */,
				F5ED480018ABE46A0049BA3B /* MDAStoryDataContainer.m */,
				F5ED480118ABE46A0049BA3B /* MDAStoryDataWrapper.h */,
				F5ED480218ABE46A0049BA3B /* MDAStoryDataWrapper.m */,
				F5CBD73618A5512700D21F7A /* MDAStoryList.h */,
				F5CBD73718A5512700D21F7A /* MDAStoryList.m */,
				F5CBD73818A5512700D21F7A /* MDAStorySummary.h */,
				F5CBD73918A5512700D21F7A /* MDAStorySummary.m */,
				34F6090118A9822E0074F871 /* MDASummary.h */,
				34F6090218A9822E0074F871 /* MDASummary.m */,
				F5CBD73A18A5512700D21F7A /* MDATextObject.h */,
				F5CBD73B18A5512700D21F7A /* MDATextObject.m */,
				F5CBD73C18A5512700D21F7A /* MDAUrl.h */,
				F5CBD73D18A5512700D21F7A /* MDAUrl.m */,
			);
			path = Models;
			sourceTree = "<group>";
		};
		34A838AD18A459CB0038711E /* Views */ = {
			isa = PBXGroup;
			children = (
			);
			path = Views;
			sourceTree = "<group>";
		};
		34F7781318A8159500EC3C86 /* UIKit+AFNetworking */ = {
			isa = PBXGroup;
			children = (
				34F7781418A8159500EC3C86 /* AFNetworkActivityIndicatorManager.h */,
				34F7781518A8159500EC3C86 /* AFNetworkActivityIndicatorManager.m */,
				34F7781618A8159500EC3C86 /* UIActivityIndicatorView+AFNetworking.h */,
				34F7781718A8159500EC3C86 /* UIActivityIndicatorView+AFNetworking.m */,
				34F7781818A8159500EC3C86 /* UIAlertView+AFNetworking.h */,
				34F7781918A8159500EC3C86 /* UIAlertView+AFNetworking.m */,
				34F7781A18A8159500EC3C86 /* UIButton+AFNetworking.h */,
				34F7781B18A8159500EC3C86 /* UIButton+AFNetworking.m */,
				34F7781C18A8159500EC3C86 /* UIImageView+AFNetworking.h */,
				34F7781D18A8159500EC3C86 /* UIImageView+AFNetworking.m */,
				34F7781E18A8159500EC3C86 /* UIKit+AFNetworking.h */,
				34F7781F18A8159500EC3C86 /* UIProgressView+AFNetworking.h */,
				34F7782018A8159500EC3C86 /* UIProgressView+AFNetworking.m */,
				34F7782118A8159500EC3C86 /* UIWebView+AFNetworking.h */,
				34F7782218A8159500EC3C86 /* UIWebView+AFNetworking.m */,
			);
			name = "UIKit+AFNetworking";
			path = "AFNetworking/UIKit+AFNetworking";
			sourceTree = "<group>";
		};
/* End PBXGroup section */

/* Begin PBXNativeTarget section */
		34A8384618A448E00038711E /* Marvel API */ = {
			isa = PBXNativeTarget;
			buildConfigurationList = 34A8387918A448E00038711E /* Build configuration list for PBXNativeTarget "Marvel API" */;
			buildPhases = (
				34A8384318A448E00038711E /* Sources */,
				34A8384418A448E00038711E /* Frameworks */,
				34A8384518A448E00038711E /* Resources */,
			);
			buildRules = (
			);
			dependencies = (
			);
			name = "Marvel API";
			productName = "Marvel API";
			productReference = 34A8384718A448E00038711E /* Marvel API.app */;
			productType = "com.apple.product-type.application";
		};
		34A8386718A448E00038711E /* Marvel APITests */ = {
			isa = PBXNativeTarget;
			buildConfigurationList = 34A8387C18A448E00038711E /* Build configuration list for PBXNativeTarget "Marvel APITests" */;
			buildPhases = (
				34A8386418A448E00038711E /* Sources */,
				34A8386518A448E00038711E /* Frameworks */,
				34A8386618A448E00038711E /* Resources */,
			);
			buildRules = (
			);
			dependencies = (
				34A8386E18A448E00038711E /* PBXTargetDependency */,
			);
			name = "Marvel APITests";
			productName = "Marvel APITests";
			productReference = 34A8386818A448E00038711E /* Marvel APITests.xctest */;
			productType = "com.apple.product-type.bundle.unit-test";
		};
/* End PBXNativeTarget section */

/* Begin PBXProject section */
		34A8383F18A448E00038711E /* Project object */ = {
			isa = PBXProject;
			attributes = {
				CLASSPREFIX = CBP;
				LastUpgradeCheck = 0500;
				ORGANIZATIONNAME = "Crayons and Brown Paper";
				TargetAttributes = {
					34A8384618A448E00038711E = {
						DevelopmentTeam = 37D74ZS2UF;
					};
					34A8386718A448E00038711E = {
						TestTargetID = 34A8384618A448E00038711E;
					};
				};
			};
			buildConfigurationList = 34A8384218A448E00038711E /* Build configuration list for PBXProject "Marvel API" */;
			compatibilityVersion = "Xcode 3.2";
			developmentRegion = English;
			hasScannedForEncodings = 0;
			knownRegions = (
				en,
				Base,
			);
			mainGroup = 34A8383E18A448E00038711E;
			productRefGroup = 34A8384818A448E00038711E /* Products */;
			projectDirPath = "";
			projectRoot = "";
			targets = (
				34A8384618A448E00038711E /* Marvel API */,
				34A8386718A448E00038711E /* Marvel APITests */,
			);
		};
/* End PBXProject section */

/* Begin PBXResourcesBuildPhase section */
		34A8384518A448E00038711E /* Resources */ = {
			isa = PBXResourcesBuildPhase;
			buildActionMask = 2147483647;
			files = (
				34A8386318A448E00038711E /* Images.xcassets in Resources */,
				34A8385518A448E00038711E /* InfoPlist.strings in Resources */,
			);
			runOnlyForDeploymentPostprocessing = 0;
		};
		34A8386618A448E00038711E /* Resources */ = {
			isa = PBXResourcesBuildPhase;
			buildActionMask = 2147483647;
			files = (
				34A8387418A448E00038711E /* InfoPlist.strings in Resources */,
			);
			runOnlyForDeploymentPostprocessing = 0;
		};
/* End PBXResourcesBuildPhase section */

/* Begin PBXSourcesBuildPhase section */
		34A8384318A448E00038711E /* Sources */ = {
			isa = PBXSourcesBuildPhase;
			buildActionMask = 2147483647;
			files = (
				34F7781218A80F5D00EC3C86 /* MDAComicDataWrapper.m in Sources */,
				34F777FA18A7EC1B00EC3C86 /* MDASearchParameters.m in Sources */,
				F5ED480518ABE46A0049BA3B /* MDAStoryDataWrapper.m in Sources */,
				34F7782C18A81FAB00EC3C86 /* CBPComicViewController.m in Sources */,
				F5CBD74818A5512700D21F7A /* MDASeriesSummary.m in Sources */,
				34A8389818A458070038711E /* AFHTTPRequestOperation.m in Sources */,
				34F6090618A987050074F871 /* CBPCreatorViewController.m in Sources */,
				34A8389918A458070038711E /* AFHTTPRequestOperationManager.m in Sources */,
				F5CBD73F18A5512700D21F7A /* MDAComic.m in Sources */,
				3435EFBB18AE92380032AACC /* CBPBarCodeViewController.m in Sources */,
				34F7782918A8159500EC3C86 /* UIWebView+AFNetworking.m in Sources */,
				34F7782618A8159500EC3C86 /* UIButton+AFNetworking.m in Sources */,
				F5CBD74C18A5512700D21F7A /* MDAUrl.m in Sources */,
				34A8389B18A458070038711E /* AFNetworkReachabilityManager.m in Sources */,
				34F7782418A8159500EC3C86 /* UIActivityIndicatorView+AFNetworking.m in Sources */,
				34A8389F18A458070038711E /* AFURLResponseSerialization.m in Sources */,
				F5CBD74418A5512700D21F7A /* MDACreatorList.m in Sources */,
				34F7780918A8049F00EC3C86 /* MDACreator.m in Sources */,
				34F6090318A9822E0074F871 /* MDASummary.m in Sources */,
				34F777FD18A7F22B00EC3C86 /* NSURLSessionDataTask+MarvelDeveloperAPI.m in Sources */,
				34F7780818A8049F00EC3C86 /* MDAComicList.m in Sources */,
				34F6090918A98FAE0074F871 /* CBPSeriesViewController.m in Sources */,
				F5ED480418ABE46A0049BA3B /* MDAStoryDataContainer.m in Sources */,
				34A8389D18A458070038711E /* AFURLConnectionOperation.m in Sources */,
				F5CA435018AD1AD2008A88BD /* MDACharacterSummary.m in Sources */,
				34F7782518A8159500EC3C86 /* UIAlertView+AFNetworking.m in Sources */,
				34A8389C18A458070038711E /* AFSecurityPolicy.m in Sources */,
				34F7780A18A8049F00EC3C86 /* MDACreatorDataContainer.m in Sources */,
				F5CBD73E18A5512700D21F7A /* MDACharacterList.m in Sources */,
				F5CBD74618A5512700D21F7A /* MDAEventList.m in Sources */,
				F5CBD74A18A5512700D21F7A /* MDAStorySummary.m in Sources */,
				F5CBD74B18A5512700D21F7A /* MDATextObject.m in Sources */,
				34A8389A18A458070038711E /* AFHTTPSessionManager.m in Sources */,
				F5CA434718ACD253008A88BD /* CBPTableViewController.m in Sources */,
				34A8389E18A458070038711E /* AFURLRequestSerialization.m in Sources */,
				F5CBD74318A5512700D21F7A /* MDAComicSummary.m in Sources */,
				F5CA434D18AD1A2A008A88BD /* MDAEventSummary.m in Sources */,
				34F7782718A8159500EC3C86 /* UIImageView+AFNetworking.m in Sources */,
				34A838AE18A459CB0038711E /* CBPAppDelegate.m in Sources */,
				34F7782818A8159500EC3C86 /* UIProgressView+AFNetworking.m in Sources */,
				F5CA434A18ACD3B4008A88BD /* MDAObject.m in Sources */,
				F5CBD74918A5512700D21F7A /* MDAStoryList.m in Sources */,
				34F7780C18A8049F00EC3C86 /* MDASeriesList.m in Sources */,
				F5ED480318ABE46A0049BA3B /* MDAStory.m in Sources */,
				34A838A018A458070038711E /* AFURLSessionManager.m in Sources */,
				34F7780B18A8049F00EC3C86 /* MDACreatorDataWrapper.m in Sources */,
				F5CBD74218A5512700D21F7A /* MDAComicPrice.m in Sources */,
				F5CBD74518A5512700D21F7A /* MDADataWrapper.m in Sources */,
				F5CBD74118A5512700D21F7A /* MDAComicDate.m in Sources */,
				34F6090018A981C10074F871 /* MDACreatorSummary.m in Sources */,
				F5CBD74718A5512700D21F7A /* MDAImage.m in Sources */,
				F5CBD74018A5512700D21F7A /* MDAComicDataContainer.m in Sources */,
				34F7782318A8159500EC3C86 /* AFNetworkActivityIndicatorManager.m in Sources */,
				34A8385718A448E00038711E /* main.m in Sources */,
				34A838AF18A459CB0038711E /* CBPComicListViewController.m in Sources */,
				34A838A418A458780038711E /* MDAMarvelAPIClient.m in Sources */,
			);
			runOnlyForDeploymentPostprocessing = 0;
		};
		34A8386418A448E00038711E /* Sources */ = {
			isa = PBXSourcesBuildPhase;
			buildActionMask = 2147483647;
			files = (
				34A8387618A448E00038711E /* Marvel_APITests.m in Sources */,
			);
			runOnlyForDeploymentPostprocessing = 0;
		};
/* End PBXSourcesBuildPhase section */

/* Begin PBXTargetDependency section */
		34A8386E18A448E00038711E /* PBXTargetDependency */ = {
			isa = PBXTargetDependency;
			target = 34A8384618A448E00038711E /* Marvel API */;
			targetProxy = 34A8386D18A448E00038711E /* PBXContainerItemProxy */;
		};
/* End PBXTargetDependency section */

/* Begin PBXVariantGroup section */
		34A8385318A448E00038711E /* InfoPlist.strings */ = {
			isa = PBXVariantGroup;
			children = (
				34A8385418A448E00038711E /* en */,
			);
			name = InfoPlist.strings;
			sourceTree = "<group>";
		};
		34A8387218A448E00038711E /* InfoPlist.strings */ = {
			isa = PBXVariantGroup;
			children = (
				34A8387318A448E00038711E /* en */,
			);
			name = InfoPlist.strings;
			sourceTree = "<group>";
		};
/* End PBXVariantGroup section */

/* Begin XCBuildConfiguration section */
		34A8387718A448E00038711E /* Debug */ = {
			isa = XCBuildConfiguration;
			buildSettings = {
				ALWAYS_SEARCH_USER_PATHS = NO;
				ARCHS = "$(ARCHS_STANDARD_INCLUDING_64_BIT)";
				CLANG_CXX_LANGUAGE_STANDARD = "gnu++0x";
				CLANG_CXX_LIBRARY = "libc++";
				CLANG_ENABLE_MODULES = YES;
				CLANG_ENABLE_OBJC_ARC = YES;
				CLANG_WARN_BOOL_CONVERSION = YES;
				CLANG_WARN_CONSTANT_CONVERSION = YES;
				CLANG_WARN_DIRECT_OBJC_ISA_USAGE = YES_ERROR;
				CLANG_WARN_EMPTY_BODY = YES;
				CLANG_WARN_ENUM_CONVERSION = YES;
				CLANG_WARN_INT_CONVERSION = YES;
				CLANG_WARN_OBJC_ROOT_CLASS = YES_ERROR;
				CLANG_WARN__DUPLICATE_METHOD_MATCH = YES;
				"CODE_SIGN_IDENTITY[sdk=iphoneos*]" = "iPhone Developer";
				COPY_PHASE_STRIP = NO;
				GCC_C_LANGUAGE_STANDARD = gnu99;
				GCC_DYNAMIC_NO_PIC = NO;
				GCC_OPTIMIZATION_LEVEL = 0;
				GCC_PREPROCESSOR_DEFINITIONS = (
					"DEBUG=1",
					"$(inherited)",
				);
				GCC_SYMBOLS_PRIVATE_EXTERN = NO;
				GCC_WARN_64_TO_32_BIT_CONVERSION = YES;
				GCC_WARN_ABOUT_RETURN_TYPE = YES_ERROR;
				GCC_WARN_UNDECLARED_SELECTOR = YES;
				GCC_WARN_UNINITIALIZED_AUTOS = YES;
				GCC_WARN_UNUSED_FUNCTION = YES;
				GCC_WARN_UNUSED_VARIABLE = YES;
				IPHONEOS_DEPLOYMENT_TARGET = 7.0;
				ONLY_ACTIVE_ARCH = YES;
				SDKROOT = iphoneos;
			};
			name = Debug;
		};
		34A8387818A448E00038711E /* Release */ = {
			isa = XCBuildConfiguration;
			buildSettings = {
				ALWAYS_SEARCH_USER_PATHS = NO;
				ARCHS = "$(ARCHS_STANDARD_INCLUDING_64_BIT)";
				CLANG_CXX_LANGUAGE_STANDARD = "gnu++0x";
				CLANG_CXX_LIBRARY = "libc++";
				CLANG_ENABLE_MODULES = YES;
				CLANG_ENABLE_OBJC_ARC = YES;
				CLANG_WARN_BOOL_CONVERSION = YES;
				CLANG_WARN_CONSTANT_CONVERSION = YES;
				CLANG_WARN_DIRECT_OBJC_ISA_USAGE = YES_ERROR;
				CLANG_WARN_EMPTY_BODY = YES;
				CLANG_WARN_ENUM_CONVERSION = YES;
				CLANG_WARN_INT_CONVERSION = YES;
				CLANG_WARN_OBJC_ROOT_CLASS = YES_ERROR;
				CLANG_WARN__DUPLICATE_METHOD_MATCH = YES;
				"CODE_SIGN_IDENTITY[sdk=iphoneos*]" = "iPhone Developer";
				COPY_PHASE_STRIP = YES;
				ENABLE_NS_ASSERTIONS = NO;
				GCC_C_LANGUAGE_STANDARD = gnu99;
				GCC_WARN_64_TO_32_BIT_CONVERSION = YES;
				GCC_WARN_ABOUT_RETURN_TYPE = YES_ERROR;
				GCC_WARN_UNDECLARED_SELECTOR = YES;
				GCC_WARN_UNINITIALIZED_AUTOS = YES;
				GCC_WARN_UNUSED_FUNCTION = YES;
				GCC_WARN_UNUSED_VARIABLE = YES;
				IPHONEOS_DEPLOYMENT_TARGET = 7.0;
				SDKROOT = iphoneos;
				VALIDATE_PRODUCT = YES;
			};
			name = Release;
		};
		34A8387A18A448E00038711E /* Debug */ = {
			isa = XCBuildConfiguration;
			buildSettings = {
				ASSETCATALOG_COMPILER_APPICON_NAME = AppIcon;
				ASSETCATALOG_COMPILER_LAUNCHIMAGE_NAME = LaunchImage;
				CODE_SIGN_IDENTITY = "iPhone Developer";
				"CODE_SIGN_IDENTITY[sdk=iphoneos*]" = "iPhone Developer";
				GCC_PRECOMPILE_PREFIX_HEADER = YES;
				GCC_PREFIX_HEADER = "Marvel API/Marvel API-Prefix.pch";
				INFOPLIST_FILE = "Marvel API/Marvel API-Info.plist";
				PRODUCT_NAME = "$(TARGET_NAME)";
				PROVISIONING_PROFILE = "";
				WRAPPER_EXTENSION = app;
			};
			name = Debug;
		};
		34A8387B18A448E00038711E /* Release */ = {
			isa = XCBuildConfiguration;
			buildSettings = {
				ASSETCATALOG_COMPILER_APPICON_NAME = AppIcon;
				ASSETCATALOG_COMPILER_LAUNCHIMAGE_NAME = LaunchImage;
				CODE_SIGN_IDENTITY = "iPhone Developer";
				"CODE_SIGN_IDENTITY[sdk=iphoneos*]" = "iPhone Developer";
				GCC_PRECOMPILE_PREFIX_HEADER = YES;
				GCC_PREFIX_HEADER = "Marvel API/Marvel API-Prefix.pch";
				INFOPLIST_FILE = "Marvel API/Marvel API-Info.plist";
				PRODUCT_NAME = "$(TARGET_NAME)";
				PROVISIONING_PROFILE = "";
				WRAPPER_EXTENSION = app;
			};
			name = Release;
		};
		34A8387D18A448E00038711E /* Debug */ = {
			isa = XCBuildConfiguration;
			buildSettings = {
				ARCHS = "$(ARCHS_STANDARD_INCLUDING_64_BIT)";
				BUNDLE_LOADER = "$(BUILT_PRODUCTS_DIR)/Marvel API.app/Marvel API";
				FRAMEWORK_SEARCH_PATHS = (
					"$(SDKROOT)/Developer/Library/Frameworks",
					"$(inherited)",
					"$(DEVELOPER_FRAMEWORKS_DIR)",
				);
				GCC_PRECOMPILE_PREFIX_HEADER = YES;
				GCC_PREFIX_HEADER = "Marvel API/Marvel API-Prefix.pch";
				GCC_PREPROCESSOR_DEFINITIONS = (
					"DEBUG=1",
					"$(inherited)",
				);
				INFOPLIST_FILE = "Marvel APITests/Marvel APITests-Info.plist";
				PRODUCT_NAME = "$(TARGET_NAME)";
				TEST_HOST = "$(BUNDLE_LOADER)";
				WRAPPER_EXTENSION = xctest;
			};
			name = Debug;
		};
		34A8387E18A448E00038711E /* Release */ = {
			isa = XCBuildConfiguration;
			buildSettings = {
				ARCHS = "$(ARCHS_STANDARD_INCLUDING_64_BIT)";
				BUNDLE_LOADER = "$(BUILT_PRODUCTS_DIR)/Marvel API.app/Marvel API";
				FRAMEWORK_SEARCH_PATHS = (
					"$(SDKROOT)/Developer/Library/Frameworks",
					"$(inherited)",
					"$(DEVELOPER_FRAMEWORKS_DIR)",
				);
				GCC_PRECOMPILE_PREFIX_HEADER = YES;
				GCC_PREFIX_HEADER = "Marvel API/Marvel API-Prefix.pch";
				INFOPLIST_FILE = "Marvel APITests/Marvel APITests-Info.plist";
				PRODUCT_NAME = "$(TARGET_NAME)";
				TEST_HOST = "$(BUNDLE_LOADER)";
				WRAPPER_EXTENSION = xctest;
			};
			name = Release;
		};
/* End XCBuildConfiguration section */

/* Begin XCConfigurationList section */
		34A8384218A448E00038711E /* Build configuration list for PBXProject "Marvel API" */ = {
			isa = XCConfigurationList;
			buildConfigurations = (
				34A8387718A448E00038711E /* Debug */,
				34A8387818A448E00038711E /* Release */,
			);
			defaultConfigurationIsVisible = 0;
			defaultConfigurationName = Release;
		};
		34A8387918A448E00038711E /* Build configuration list for PBXNativeTarget "Marvel API" */ = {
			isa = XCConfigurationList;
			buildConfigurations = (
				34A8387A18A448E00038711E /* Debug */,
				34A8387B18A448E00038711E /* Release */,
			);
			defaultConfigurationIsVisible = 0;
			defaultConfigurationName = Release;
		};
		34A8387C18A448E00038711E /* Build configuration list for PBXNativeTarget "Marvel APITests" */ = {
			isa = XCConfigurationList;
			buildConfigurations = (
				34A8387D18A448E00038711E /* Debug */,
				34A8387E18A448E00038711E /* Release */,
			);
			defaultConfigurationIsVisible = 0;
			defaultConfigurationName = Release;
		};
/* End XCConfigurationList section */
	};
	rootObject = 34A8383F18A448E00038711E /* Project object */;
}
